
Microsoft Visual Studio Solution File, Format Version 12.00
# Visual Studio 2017
Project("{FAE04EC0-301F-11D3-BF4B-00C04F79EFBC}") = "BrutaLaturb", "BrutaLaturb.csproj", "{DEF81ACC-5183-022C-8A89-77296DCC1F7E}"
EndProject
Global
	GlobalSection(SolutionConfigurationPlatforms) = preSolution
		Debug|Any CPU = Debug|Any CPU
		Release|Any CPU = Release|Any CPU
	EndGlobalSection
	GlobalSection(ProjectConfigurationPlatforms) = postSolution
		{DEF81ACC-5183-022C-8A89-77296DCC1F7E}.Debug|Any CPU.ActiveCfg = Debug|Any CPU
		{DEF81ACC-5183-022C-8A89-77296DCC1F7E}.Debug|Any CPU.Build.0 = Debug|Any CPU
		{DEF81ACC-5183-022C-8A89-77296DCC1F7E}.Release|Any CPU.ActiveCfg = Release|Any CPU
		{DEF81ACC-5183-022C-8A89-77296DCC1F7E}.Release|Any CPU.Build.0 = Release|Any CPU
	EndGlobalSection
	GlobalSection(SolutionProperties) = preSolution
		HideSolutionNode = FALSE
	EndGlobalSection
EndGlobal
